// !$*UTF8*$!
{
	archiveVersion = 1;
	classes = {
	};
	objectVersion = 48;
	objects = {

/* Begin PBXBuildFile section */
		ADE1F17A206CCE6A007D89AA /* AppDelegate.swift in Sources */ = {isa = PBXBuildFile; fileRef = ADE1F179206CCE6A007D89AA /* AppDelegate.swift */; };
		ADE1F17C206CCE6A007D89AA /* ViewController.swift in Sources */ = {isa = PBXBuildFile; fileRef = ADE1F17B206CCE6A007D89AA /* ViewController.swift */; };
		ADE1F181206CCE6A007D89AA /* Main.storyboard in Resources */ = {isa = PBXBuildFile; fileRef = ADE1F17F206CCE6A007D89AA /* Main.storyboard */; };
		ADE1F18A206CD7AF007D89AA /* ProjectInfoCellView.swift in Sources */ = {isa = PBXBuildFile; fileRef = ADE1F189206CD7AF007D89AA /* ProjectInfoCellView.swift */; };
		ADE1F18C206CD7C5007D89AA /* ProjectInfoCellView.xib in Resources */ = {isa = PBXBuildFile; fileRef = ADE1F18B206CD7C5007D89AA /* ProjectInfoCellView.xib */; };
		ADE1F18E206CDE52007D89AA /* Assets.xcassets in Resources */ = {isa = PBXBuildFile; fileRef = ADE1F18D206CDE52007D89AA /* Assets.xcassets */; };
/* End PBXBuildFile section */

/* Begin PBXFileReference section */
		ADE1F176206CCE6A007D89AA /* PodfileEditor.app */ = {isa = PBXFileReference; explicitFileType = wrapper.application; includeInIndex = 0; path = PodfileEditor.app; sourceTree = BUILT_PRODUCTS_DIR; };
		ADE1F179206CCE6A007D89AA /* AppDelegate.swift */ = {isa = PBXFileReference; lastKnownFileType = sourcecode.swift; path = AppDelegate.swift; sourceTree = "<group>"; };
		ADE1F17B206CCE6A007D89AA /* ViewController.swift */ = {isa = PBXFileReference; lastKnownFileType = sourcecode.swift; path = ViewController.swift; sourceTree = "<group>"; };
		ADE1F180206CCE6A007D89AA /* Base */ = {isa = PBXFileReference; lastKnownFileType = file.storyboard; name = Base; path = Base.lproj/Main.storyboard; sourceTree = "<group>"; };
		ADE1F182206CCE6A007D89AA /* Info.plist */ = {isa = PBXFileReference; lastKnownFileType = text.plist.xml; path = Info.plist; sourceTree = "<group>"; };
		ADE1F183206CCE6A007D89AA /* PodfileEditor.entitlements */ = {isa = PBXFileReference; lastKnownFileType = text.plist.entitlements; path = PodfileEditor.entitlements; sourceTree = "<group>"; };
		ADE1F189206CD7AF007D89AA /* ProjectInfoCellView.swift */ = {isa = PBXFileReference; lastKnownFileType = sourcecode.swift; path = ProjectInfoCellView.swift; sourceTree = "<group>"; };
		ADE1F18B206CD7C5007D89AA /* ProjectInfoCellView.xib */ = {isa = PBXFileReference; lastKnownFileType = file.xib; path = ProjectInfoCellView.xib; sourceTree = "<group>"; };
		ADE1F18D206CDE52007D89AA /* Assets.xcassets */ = {isa = PBXFileReference; lastKnownFileType = folder.assetcatalog; path = Assets.xcassets; sourceTree = "<group>"; };
/* End PBXFileReference section */

/* Begin PBXFrameworksBuildPhase section */
		ADE1F173206CCE6A007D89AA /* Frameworks */ = {
			isa = PBXFrameworksBuildPhase;
			buildActionMask = 2147483647;
			files = (
			);
			runOnlyForDeploymentPostprocessing = 0;
		};
/* End PBXFrameworksBuildPhase section */

/* Begin PBXGroup section */
		ADE1F16D206CCE6A007D89AA = {
			isa = PBXGroup;
			children = (
				ADE1F178206CCE6A007D89AA /* PodfileEditor */,
				ADE1F177206CCE6A007D89AA /* Products */,
			);
			sourceTree = "<group>";
		};
		ADE1F177206CCE6A007D89AA /* Products */ = {
			isa = PBXGroup;
			children = (
				ADE1F176206CCE6A007D89AA /* PodfileEditor.app */,
			);
			name = Products;
			sourceTree = "<group>";
		};
		ADE1F178206CCE6A007D89AA /* PodfileEditor */ = {
			isa = PBXGroup;
			children = (
				ADE1F179206CCE6A007D89AA /* AppDelegate.swift */,
				ADE1F17B206CCE6A007D89AA /* ViewController.swift */,
				ADE1F18D206CDE52007D89AA /* Assets.xcassets */,
				ADE1F17F206CCE6A007D89AA /* Main.storyboard */,
				ADE1F182206CCE6A007D89AA /* Info.plist */,
				ADE1F183206CCE6A007D89AA /* PodfileEditor.entitlements */,
				ADE1F189206CD7AF007D89AA /* ProjectInfoCellView.swift */,
				ADE1F18B206CD7C5007D89AA /* ProjectInfoCellView.xib */,
			);
			path = PodfileEditor;
			sourceTree = "<group>";
		};
/* End PBXGroup section */

/* Begin PBXNativeTarget section */
		ADE1F175206CCE6A007D89AA /* PodfileEditor */ = {
			isa = PBXNativeTarget;
			buildConfigurationList = ADE1F186206CCE6A007D89AA /* Build configuration list for PBXNativeTarget "PodfileEditor" */;
			buildPhases = (
				ADE1F172206CCE6A007D89AA /* Sources */,
				ADE1F173206CCE6A007D89AA /* Frameworks */,
				ADE1F174206CCE6A007D89AA /* Resources */,
			);
			buildRules = (
			);
			dependencies = (
			);
			name = PodfileEditor;
			productName = PodfileEditor;
			productReference = ADE1F176206CCE6A007D89AA /* PodfileEditor.app */;
			productType = "com.apple.product-type.application";
		};
/* End PBXNativeTarget section */

/* Begin PBXProject section */
		ADE1F16E206CCE6A007D89AA /* Project object */ = {
			isa = PBXProject;
			attributes = {
				LastSwiftUpdateCheck = 0920;
				LastUpgradeCheck = 0920;
				ORGANIZATIONNAME = summer;
				TargetAttributes = {
					ADE1F175206CCE6A007D89AA = {
						CreatedOnToolsVersion = 9.2;
						ProvisioningStyle = Automatic;
					};
				};
			};
			buildConfigurationList = ADE1F171206CCE6A007D89AA /* Build configuration list for PBXProject "PodfileEditor" */;
			compatibilityVersion = "Xcode 8.0";
			developmentRegion = en;
			hasScannedForEncodings = 0;
			knownRegions = (
				en,
				Base,
			);
			mainGroup = ADE1F16D206CCE6A007D89AA;
			productRefGroup = ADE1F177206CCE6A007D89AA /* Products */;
			projectDirPath = "";
			projectRoot = "";
			targets = (
				ADE1F175206CCE6A007D89AA /* PodfileEditor */,
			);
		};
/* End PBXProject section */

/* Begin PBXResourcesBuildPhase section */
		ADE1F174206CCE6A007D89AA /* Resources */ = {
			isa = PBXResourcesBuildPhase;
			buildActionMask = 2147483647;
			files = (
				ADE1F18C206CD7C5007D89AA /* ProjectInfoCellView.xib in Resources */,
				ADE1F18E206CDE52007D89AA /* Assets.xcassets in Resources */,
				ADE1F181206CCE6A007D89AA /* Main.storyboard in Resources */,
			);
			runOnlyForDeploymentPostprocessing = 0;
		};
/* End PBXResourcesBuildPhase section */

/* Begin PBXSourcesBuildPhase section */
		ADE1F172206CCE6A007D89AA /* Sources */ = {
			isa = PBXSourcesBuildPhase;
			buildActionMask = 2147483647;
			files = (
				ADE1F17C206CCE6A007D89AA /* ViewController.swift in Sources */,
				ADE1F18A206CD7AF007D89AA /* ProjectInfoCellView.swift in Sources */,
				ADE1F17A206CCE6A007D89AA /* AppDelegate.swift in Sources */,
			);
			runOnlyForDeploymentPostprocessing = 0;
		};
/* End PBXSourcesBuildPhase section */

/* Begin PBXVariantGroup section */
		ADE1F17F206CCE6A007D89AA /* Main.storyboard */ = {
			isa = PBXVariantGroup;
			children = (
				ADE1F180206CCE6A007D89AA /* Base */,
			);
			name = Main.storyboard;
			sourceTree = "<group>";
		};
/* End PBXVariantGroup section */

/* Begin XCBuildConfiguration section */
		ADE1F184206CCE6A007D89AA /* Debug */ = {
			isa = XCBuildConfiguration;
			buildSettings = {
				ALWAYS_SEARCH_USER_PATHS = NO;
				CLANG_ANALYZER_NONNULL = YES;
				CLANG_ANALYZER_NUMBER_OBJECT_CONVERSION = YES_AGGRESSIVE;
				CLANG_CXX_LANGUAGE_STANDARD = "gnu++14";
				CLANG_CXX_LIBRARY = "libc++";
				CLANG_ENABLE_MODULES = YES;
				CLANG_ENABLE_OBJC_ARC = YES;
				CLANG_WARN_BLOCK_CAPTURE_AUTORELEASING = YES;
				CLANG_WARN_BOOL_CONVERSION = YES;
				CLANG_WARN_COMMA = YES;
				CLANG_WARN_CONSTANT_CONVERSION = YES;
				CLANG_WARN_DIRECT_OBJC_ISA_USAGE = YES_ERROR;
				CLANG_WARN_DOCUMENTATION_COMMENTS = YES;
				CLANG_WARN_EMPTY_BODY = YES;
				CLANG_WARN_ENUM_CONVERSION = YES;
				CLANG_WARN_INFINITE_RECURSION = YES;
				CLANG_WARN_INT_CONVERSION = YES;
				CLANG_WARN_NON_LITERAL_NULL_CONVERSION = YES;
				CLANG_WARN_OBJC_LITERAL_CONVERSION = YES;
				CLANG_WARN_OBJC_ROOT_CLASS = YES_ERROR;
				CLANG_WARN_RANGE_LOOP_ANALYSIS = YES;
				CLANG_WARN_STRICT_PROTOTYPES = YES;
				CLANG_WARN_SUSPICIOUS_MOVE = YES;
				CLANG_WARN_UNGUARDED_AVAILABILITY = YES_AGGRESSIVE;
				CLANG_WARN_UNREACHABLE_CODE = YES;
				CLANG_WARN__DUPLICATE_METHOD_MATCH = YES;
				CODE_SIGN_IDENTITY = "-";
				COPY_PHASE_STRIP = NO;
				DEBUG_INFORMATION_FORMAT = dwarf;
				ENABLE_STRICT_OBJC_MSGSEND = YES;
				ENABLE_TESTABILITY = YES;
				GCC_C_LANGUAGE_STANDARD = gnu11;
				GCC_DYNAMIC_NO_PIC = NO;
				GCC_NO_COMMON_BLOCKS = YES;
				GCC_OPTIMIZATION_LEVEL = 0;
				GCC_PREPROCESSOR_DEFINITIONS = (
					"DEBUG=1",
					"$(inherited)",
				);
				GCC_WARN_64_TO_32_BIT_CONVERSION = YES;
				GCC_WARN_ABOUT_RETURN_TYPE = YES_ERROR;
				GCC_WARN_UNDECLARED_SELECTOR = YES;
				GCC_WARN_UNINITIALIZED_AUTOS = YES_AGGRESSIVE;
				GCC_WARN_UNUSED_FUNCTION = YES;
				GCC_WARN_UNUSED_VARIABLE = YES;
				MACOSX_DEPLOYMENT_TARGET = 10.12;
				MTL_ENABLE_DEBUG_INFO = YES;
				ONLY_ACTIVE_ARCH = YES;
				SDKROOT = macosx;
				SWIFT_ACTIVE_COMPILATION_CONDITIONS = DEBUG;
				SWIFT_OPTIMIZATION_LEVEL = "-Onone";
			};
			name = Debug;
		};
		ADE1F185206CCE6A007D89AA /* Release */ = {
			isa = XCBuildConfiguration;
			buildSettings = {
				ALWAYS_SEARCH_USER_PATHS = NO;
				CLANG_ANALYZER_NONNULL = YES;
				CLANG_ANALYZER_NUMBER_OBJECT_CONVERSION = YES_AGGRESSIVE;
				CLANG_CXX_LANGUAGE_STANDARD = "gnu++14";
				CLANG_CXX_LIBRARY = "libc++";
				CLANG_ENABLE_MODULES = YES;
				CLANG_ENABLE_OBJC_ARC = YES;
				CLANG_WARN_BLOCK_CAPTURE_AUTORELEASING = YES;
				CLANG_WARN_BOOL_CONVERSION = YES;
				CLANG_WARN_COMMA = YES;
				CLANG_WARN_CONSTANT_CONVERSION = YES;
				CLANG_WARN_DIRECT_OBJC_ISA_USAGE = YES_ERROR;
				CLANG_WARN_DOCUMENTATION_COMMENTS = YES;
				CLANG_WARN_EMPTY_BODY = YES;
				CLANG_WARN_ENUM_CONVERSION = YES;
				CLANG_WARN_INFINITE_RECURSION = YES;
				CLANG_WARN_INT_CONVERSION = YES;
				CLANG_WARN_NON_LITERAL_NULL_CONVERSION = YES;
				CLANG_WARN_OBJC_LITERAL_CONVERSION = YES;
				CLANG_WARN_OBJC_ROOT_CLASS = YES_ERROR;
				CLANG_WARN_RANGE_LOOP_ANALYSIS = YES;
				CLANG_WARN_STRICT_PROTOTYPES = YES;
				CLANG_WARN_SUSPICIOUS_MOVE = YES;
				CLANG_WARN_UNGUARDED_AVAILABILITY = YES_AGGRESSIVE;
				CLANG_WARN_UNREACHABLE_CODE = YES;
				CLANG_WARN__DUPLICATE_METHOD_MATCH = YES;
				CODE_SIGN_IDENTITY = "-";
				COPY_PHASE_STRIP = NO;
				DEBUG_INFORMATION_FORMAT = "dwarf-with-dsym";
				ENABLE_NS_ASSERTIONS = NO;
				ENABLE_STRICT_OBJC_MSGSEND = YES;
				GCC_C_LANGUAGE_STANDARD = gnu11;
				GCC_NO_COMMON_BLOCKS = YES;
				GCC_WARN_64_TO_32_BIT_CONVERSION = YES;
				GCC_WARN_ABOUT_RETURN_TYPE = YES_ERROR;
				GCC_WARN_UNDECLARED_SELECTOR = YES;
				GCC_WARN_UNINITIALIZED_AUTOS = YES_AGGRESSIVE;
				GCC_WARN_UNUSED_FUNCTION = YES;
				GCC_WARN_UNUSED_VARIABLE = YES;
				MACOSX_DEPLOYMENT_TARGET = 10.12;
				MTL_ENABLE_DEBUG_INFO = NO;
				SDKROOT = macosx;
				SWIFT_OPTIMIZATION_LEVEL = "-Owholemodule";
			};
			name = Release;
		};
		ADE1F187206CCE6A007D89AA /* Debug */ = {
			isa = XCBuildConfiguration;
			buildSettings = {
				ASSETCATALOG_COMPILER_APPICON_NAME = AppIcon;
				CODE_SIGN_ENTITLEMENTS = PodfileEditor/PodfileEditor.entitlements;
				CODE_SIGN_STYLE = Automatic;
				COMBINE_HIDPI_IMAGES = YES;
				INFOPLIST_FILE = PodfileEditor/Info.plist;
				LD_RUNPATH_SEARCH_PATHS = "$(inherited) @executable_path/../Frameworks";
				PRODUCT_BUNDLE_IDENTIFIER = summer.PodfileEditor;
				PRODUCT_NAME = "$(TARGET_NAME)";
				SWIFT_VERSION = 4.0;
			};
			name = Debug;
		};
		ADE1F188206CCE6A007D89AA /* Release */ = {
			isa = XCBuildConfiguration;
			buildSettings = {
				ASSETCATALOG_COMPILER_APPICON_NAME = AppIcon;
				CODE_SIGN_ENTITLEMENTS = PodfileEditor/PodfileEditor.entitlements;
				CODE_SIGN_STYLE = Automatic;
				COMBINE_HIDPI_IMAGES = YES;
				INFOPLIST_FILE = PodfileEditor/Info.plist;
				LD_RUNPATH_SEARCH_PATHS = "$(inherited) @executable_path/../Frameworks";
				PRODUCT_BUNDLE_IDENTIFIER = summer.PodfileEditor;
				PRODUCT_NAME = "$(TARGET_NAME)";
				SWIFT_VERSION = 4.0;
			};
			name = Release;
		};
/* End XCBuildConfiguration section */

/* Begin XCConfigurationList section */
		ADE1F171206CCE6A007D89AA /* Build configuration list for PBXProject "PodfileEditor" */ = {
			isa = XCConfigurationList;
			buildConfigurations = (
				ADE1F184206CCE6A007D89AA /* Debug */,
				ADE1F185206CCE6A007D89AA /* Release */,
			);
			defaultConfigurationIsVisible = 0;
			defaultConfigurationName = Release;
		};
		ADE1F186206CCE6A007D89AA /* Build configuration list for PBXNativeTarget "PodfileEditor" */ = {
			isa = XCConfigurationList;
			buildConfigurations = (
				ADE1F187206CCE6A007D89AA /* Debug */,
				ADE1F188206CCE6A007D89AA /* Release */,
			);
			defaultConfigurationIsVisible = 0;
			defaultConfigurationName = Release;
		};
/* End XCConfigurationList section */
	};
	rootObject = ADE1F16E206CCE6A007D89AA /* Project object */;
}
