// !$*UTF8*$!
{
	archiveVersion = 1;
	classes = {
	};
	objectVersion = 48;
	objects = {

/* Begin PBXBuildFile section */
		AD02C315206D02CF00CC9915 /* Windows.swift in Sources */ = {isa = PBXBuildFile; fileRef = AD02C314206D02CF00CC9915 /* Windows.swift */; };
		AD02C317206D068100CC9915 /* AddProjectViewController.swift in Sources */ = {isa = PBXBuildFile; fileRef = AD02C316206D068100CC9915 /* AddProjectViewController.swift */; };
		AD02C319206D06A900CC9915 /* UIFactory.swift in Sources */ = {isa = PBXBuildFile; fileRef = AD02C318206D06A900CC9915 /* UIFactory.swift */; };
		AD34F14C2075D37000BBD802 /* AddProjectViewController.xib in Resources */ = {isa = PBXBuildFile; fileRef = AD34F14B2075D37000BBD802 /* AddProjectViewController.xib */; };
		AD4E755D2074FE4D00205D4C /* ProjectInfo.swift in Sources */ = {isa = PBXBuildFile; fileRef = AD4E755C2074FE4D00205D4C /* ProjectInfo.swift */; };
		AD4E755F2074FE8300205D4C /* ProjectListDataController.swift in Sources */ = {isa = PBXBuildFile; fileRef = AD4E755E2074FE8300205D4C /* ProjectListDataController.swift */; };
		AD4E75612075006300205D4C /* ProjectInfoCellConfigurator.swift in Sources */ = {isa = PBXBuildFile; fileRef = AD4E75602075006300205D4C /* ProjectInfoCellConfigurator.swift */; };
		AD4E756520750ECB00205D4C /* EditProjectViewController.swift in Sources */ = {isa = PBXBuildFile; fileRef = AD4E756420750ECB00205D4C /* EditProjectViewController.swift */; };
		AD4F896D20847F9B00DF1FD5 /* ProjectDetailDataController.swift in Sources */ = {isa = PBXBuildFile; fileRef = AD4F896C20847F9B00DF1FD5 /* ProjectDetailDataController.swift */; };
		AD81EBA9208CA1570054EABF /* PodfileUtils.swift in Sources */ = {isa = PBXBuildFile; fileRef = AD81EBA8208CA1570054EABF /* PodfileUtils.swift */; };
		AD8F5282207895B800128029 /* CommandExecutor.swift in Sources */ = {isa = PBXBuildFile; fileRef = AD8F5281207895B800128029 /* CommandExecutor.swift */; };
		ADDBB6902085DCA400A020CA /* ProjectActionCellView.swift in Sources */ = {isa = PBXBuildFile; fileRef = ADDBB68F2085DCA400A020CA /* ProjectActionCellView.swift */; };
		ADDBB6922085DCB500A020CA /* ProjectActionCellView.xib in Resources */ = {isa = PBXBuildFile; fileRef = ADDBB6912085DCB500A020CA /* ProjectActionCellView.xib */; };
		ADDBB6972085E50400A020CA /* DependencyInfo.swift in Sources */ = {isa = PBXBuildFile; fileRef = ADDBB6962085E50400A020CA /* DependencyInfo.swift */; };
		ADDBB6992085FCDA00A020CA /* ProjectDetailCellConfigurator.swift in Sources */ = {isa = PBXBuildFile; fileRef = ADDBB6982085FCDA00A020CA /* ProjectDetailCellConfigurator.swift */; };
		ADE1F17A206CCE6A007D89AA /* AppDelegate.swift in Sources */ = {isa = PBXBuildFile; fileRef = ADE1F179206CCE6A007D89AA /* AppDelegate.swift */; };
		ADE1F17C206CCE6A007D89AA /* ProjectListViewController.swift in Sources */ = {isa = PBXBuildFile; fileRef = ADE1F17B206CCE6A007D89AA /* ProjectListViewController.swift */; };
		ADE1F181206CCE6A007D89AA /* Main.storyboard in Resources */ = {isa = PBXBuildFile; fileRef = ADE1F17F206CCE6A007D89AA /* Main.storyboard */; };
		ADE1F18A206CD7AF007D89AA /* ProjectInfoCellView.swift in Sources */ = {isa = PBXBuildFile; fileRef = ADE1F189206CD7AF007D89AA /* ProjectInfoCellView.swift */; };
		ADE1F18C206CD7C5007D89AA /* ProjectInfoCellView.xib in Resources */ = {isa = PBXBuildFile; fileRef = ADE1F18B206CD7C5007D89AA /* ProjectInfoCellView.xib */; };
		ADE1F18E206CDE52007D89AA /* Assets.xcassets in Resources */ = {isa = PBXBuildFile; fileRef = ADE1F18D206CDE52007D89AA /* Assets.xcassets */; };
		ADE1F194206CEBFE007D89AA /* ProjectDetailWindowController.swift in Sources */ = {isa = PBXBuildFile; fileRef = ADE1F193206CEBFE007D89AA /* ProjectDetailWindowController.swift */; };
		ADE1F196206CEC15007D89AA /* ProjectDetailViewController.swift in Sources */ = {isa = PBXBuildFile; fileRef = ADE1F195206CEC15007D89AA /* ProjectDetailViewController.swift */; };
		ADEA6027208720B600353795 /* AddDependencyViewController.swift in Sources */ = {isa = PBXBuildFile; fileRef = ADEA6025208720B600353795 /* AddDependencyViewController.swift */; };
		ADEA6028208720B600353795 /* AddDependencyViewController.xib in Resources */ = {isa = PBXBuildFile; fileRef = ADEA6026208720B600353795 /* AddDependencyViewController.xib */; };
		ADEA602A20873D5D00353795 /* EditDependencyViewController.swift in Sources */ = {isa = PBXBuildFile; fileRef = ADEA602920873D5D00353795 /* EditDependencyViewController.swift */; };
		ADEA602C20876AC600353795 /* PodfileAnalyser.swift in Sources */ = {isa = PBXBuildFile; fileRef = ADEA602B20876AC600353795 /* PodfileAnalyser.swift */; };
/* End PBXBuildFile section */

/* Begin PBXFileReference section */
		AD02C314206D02CF00CC9915 /* Windows.swift */ = {isa = PBXFileReference; lastKnownFileType = sourcecode.swift; path = Windows.swift; sourceTree = "<group>"; };
		AD02C316206D068100CC9915 /* AddProjectViewController.swift */ = {isa = PBXFileReference; lastKnownFileType = sourcecode.swift; path = AddProjectViewController.swift; sourceTree = "<group>"; };
		AD02C318206D06A900CC9915 /* UIFactory.swift */ = {isa = PBXFileReference; lastKnownFileType = sourcecode.swift; path = UIFactory.swift; sourceTree = "<group>"; };
		AD34F14B2075D37000BBD802 /* AddProjectViewController.xib */ = {isa = PBXFileReference; lastKnownFileType = file.xib; path = AddProjectViewController.xib; sourceTree = "<group>"; };
		AD4E755C2074FE4D00205D4C /* ProjectInfo.swift */ = {isa = PBXFileReference; lastKnownFileType = sourcecode.swift; path = ProjectInfo.swift; sourceTree = "<group>"; };
		AD4E755E2074FE8300205D4C /* ProjectListDataController.swift */ = {isa = PBXFileReference; lastKnownFileType = sourcecode.swift; path = ProjectListDataController.swift; sourceTree = "<group>"; };
		AD4E75602075006300205D4C /* ProjectInfoCellConfigurator.swift */ = {isa = PBXFileReference; lastKnownFileType = sourcecode.swift; path = ProjectInfoCellConfigurator.swift; sourceTree = "<group>"; };
		AD4E756220750BB100205D4C /* PodfileEditor.entitlements */ = {isa = PBXFileReference; lastKnownFileType = text.plist.entitlements; path = PodfileEditor.entitlements; sourceTree = "<group>"; };
		AD4E756420750ECB00205D4C /* EditProjectViewController.swift */ = {isa = PBXFileReference; lastKnownFileType = sourcecode.swift; path = EditProjectViewController.swift; sourceTree = "<group>"; };
		AD4F896C20847F9B00DF1FD5 /* ProjectDetailDataController.swift */ = {isa = PBXFileReference; lastKnownFileType = sourcecode.swift; path = ProjectDetailDataController.swift; sourceTree = "<group>"; };
		AD81EBA8208CA1570054EABF /* PodfileUtils.swift */ = {isa = PBXFileReference; lastKnownFileType = sourcecode.swift; path = PodfileUtils.swift; sourceTree = "<group>"; };
		AD8F5281207895B800128029 /* CommandExecutor.swift */ = {isa = PBXFileReference; lastKnownFileType = sourcecode.swift; path = CommandExecutor.swift; sourceTree = "<group>"; };
		ADDBB68F2085DCA400A020CA /* ProjectActionCellView.swift */ = {isa = PBXFileReference; lastKnownFileType = sourcecode.swift; path = ProjectActionCellView.swift; sourceTree = "<group>"; };
		ADDBB6912085DCB500A020CA /* ProjectActionCellView.xib */ = {isa = PBXFileReference; lastKnownFileType = file.xib; path = ProjectActionCellView.xib; sourceTree = "<group>"; };
		ADDBB6962085E50400A020CA /* DependencyInfo.swift */ = {isa = PBXFileReference; lastKnownFileType = sourcecode.swift; path = DependencyInfo.swift; sourceTree = "<group>"; };
		ADDBB6982085FCDA00A020CA /* ProjectDetailCellConfigurator.swift */ = {isa = PBXFileReference; lastKnownFileType = sourcecode.swift; path = ProjectDetailCellConfigurator.swift; sourceTree = "<group>"; };
		ADE1F176206CCE6A007D89AA /* PodfileEditor.app */ = {isa = PBXFileReference; explicitFileType = wrapper.application; includeInIndex = 0; path = PodfileEditor.app; sourceTree = BUILT_PRODUCTS_DIR; };
		ADE1F179206CCE6A007D89AA /* AppDelegate.swift */ = {isa = PBXFileReference; lastKnownFileType = sourcecode.swift; path = AppDelegate.swift; sourceTree = "<group>"; };
		ADE1F17B206CCE6A007D89AA /* ProjectListViewController.swift */ = {isa = PBXFileReference; lastKnownFileType = sourcecode.swift; path = ProjectListViewController.swift; sourceTree = "<group>"; };
		ADE1F180206CCE6A007D89AA /* Base */ = {isa = PBXFileReference; lastKnownFileType = file.storyboard; name = Base; path = Base.lproj/Main.storyboard; sourceTree = "<group>"; };
		ADE1F182206CCE6A007D89AA /* Info.plist */ = {isa = PBXFileReference; lastKnownFileType = text.plist.xml; path = Info.plist; sourceTree = "<group>"; };
		ADE1F189206CD7AF007D89AA /* ProjectInfoCellView.swift */ = {isa = PBXFileReference; lastKnownFileType = sourcecode.swift; path = ProjectInfoCellView.swift; sourceTree = "<group>"; };
		ADE1F18B206CD7C5007D89AA /* ProjectInfoCellView.xib */ = {isa = PBXFileReference; lastKnownFileType = file.xib; path = ProjectInfoCellView.xib; sourceTree = "<group>"; };
		ADE1F18D206CDE52007D89AA /* Assets.xcassets */ = {isa = PBXFileReference; lastKnownFileType = folder.assetcatalog; path = Assets.xcassets; sourceTree = "<group>"; };
		ADE1F193206CEBFE007D89AA /* ProjectDetailWindowController.swift */ = {isa = PBXFileReference; lastKnownFileType = sourcecode.swift; path = ProjectDetailWindowController.swift; sourceTree = "<group>"; };
		ADE1F195206CEC15007D89AA /* ProjectDetailViewController.swift */ = {isa = PBXFileReference; lastKnownFileType = sourcecode.swift; path = ProjectDetailViewController.swift; sourceTree = "<group>"; };
		ADEA6025208720B600353795 /* AddDependencyViewController.swift */ = {isa = PBXFileReference; lastKnownFileType = sourcecode.swift; path = AddDependencyViewController.swift; sourceTree = "<group>"; };
		ADEA6026208720B600353795 /* AddDependencyViewController.xib */ = {isa = PBXFileReference; lastKnownFileType = file.xib; path = AddDependencyViewController.xib; sourceTree = "<group>"; };
		ADEA602920873D5D00353795 /* EditDependencyViewController.swift */ = {isa = PBXFileReference; lastKnownFileType = sourcecode.swift; path = EditDependencyViewController.swift; sourceTree = "<group>"; };
		ADEA602B20876AC600353795 /* PodfileAnalyser.swift */ = {isa = PBXFileReference; lastKnownFileType = sourcecode.swift; path = PodfileAnalyser.swift; sourceTree = "<group>"; };
/* End PBXFileReference section */

/* Begin PBXFrameworksBuildPhase section */
		ADE1F173206CCE6A007D89AA /* Frameworks */ = {
			isa = PBXFrameworksBuildPhase;
			buildActionMask = 2147483647;
			files = (
			);
			runOnlyForDeploymentPostprocessing = 0;
		};
/* End PBXFrameworksBuildPhase section */

/* Begin PBXGroup section */
		AD02C313206CEC9500CC9915 /* Source */ = {
			isa = PBXGroup;
			children = (
				AD02C31D206D10DE00CC9915 /* ProjectDetail */,
				AD02C31C206D10D200CC9915 /* ProjectList */,
				AD02C31B206D10C700CC9915 /* Utils */,
			);
			path = Source;
			sourceTree = "<group>";
		};
		AD02C31A206D10BF00CC9915 /* Add */ = {
			isa = PBXGroup;
			children = (
				AD02C316206D068100CC9915 /* AddProjectViewController.swift */,
				AD34F14B2075D37000BBD802 /* AddProjectViewController.xib */,
			);
			path = Add;
			sourceTree = "<group>";
		};
		AD02C31B206D10C700CC9915 /* Utils */ = {
			isa = PBXGroup;
			children = (
				AD02C314206D02CF00CC9915 /* Windows.swift */,
				AD02C318206D06A900CC9915 /* UIFactory.swift */,
				AD8F5281207895B800128029 /* CommandExecutor.swift */,
				AD81EBA8208CA1570054EABF /* PodfileUtils.swift */,
			);
			path = Utils;
			sourceTree = "<group>";
		};
		AD02C31C206D10D200CC9915 /* ProjectList */ = {
			isa = PBXGroup;
			children = (
				AD8F527C20788F0500128029 /* List */,
				AD8F527B20788E9600128029 /* Edit */,
				AD02C31A206D10BF00CC9915 /* Add */,
			);
			path = ProjectList;
			sourceTree = "<group>";
		};
		AD02C31D206D10DE00CC9915 /* ProjectDetail */ = {
			isa = PBXGroup;
			children = (
				ADEA60242087208200353795 /* EditDependency */,
				ADEA60232087207700353795 /* AddDependency */,
				ADEA60222087206E00353795 /* DependencyList */,
			);
			path = ProjectDetail;
			sourceTree = "<group>";
		};
		AD4F896A20847F7200DF1FD5 /* ViewController */ = {
			isa = PBXGroup;
			children = (
				ADE1F193206CEBFE007D89AA /* ProjectDetailWindowController.swift */,
				ADE1F195206CEC15007D89AA /* ProjectDetailViewController.swift */,
			);
			path = ViewController;
			sourceTree = "<group>";
		};
		AD4F896B20847F7F00DF1FD5 /* DataController */ = {
			isa = PBXGroup;
			children = (
				AD4F896C20847F9B00DF1FD5 /* ProjectDetailDataController.swift */,
				ADDBB6982085FCDA00A020CA /* ProjectDetailCellConfigurator.swift */,
				ADEA602B20876AC600353795 /* PodfileAnalyser.swift */,
			);
			path = DataController;
			sourceTree = "<group>";
		};
		AD8F527B20788E9600128029 /* Edit */ = {
			isa = PBXGroup;
			children = (
				AD4E756420750ECB00205D4C /* EditProjectViewController.swift */,
			);
			path = Edit;
			sourceTree = "<group>";
		};
		AD8F527C20788F0500128029 /* List */ = {
			isa = PBXGroup;
			children = (
				AD8F528020788F1D00128029 /* DataController */,
				AD8F527F20788F1800128029 /* View */,
				AD8F527E20788F1400128029 /* Model */,
				AD8F527D20788F0800128029 /* ViewController */,
			);
			path = List;
			sourceTree = "<group>";
		};
		AD8F527D20788F0800128029 /* ViewController */ = {
			isa = PBXGroup;
			children = (
				ADE1F17B206CCE6A007D89AA /* ProjectListViewController.swift */,
			);
			path = ViewController;
			sourceTree = "<group>";
		};
		AD8F527E20788F1400128029 /* Model */ = {
			isa = PBXGroup;
			children = (
				AD4E755C2074FE4D00205D4C /* ProjectInfo.swift */,
			);
			path = Model;
			sourceTree = "<group>";
		};
		AD8F527F20788F1800128029 /* View */ = {
			isa = PBXGroup;
			children = (
				ADE1F189206CD7AF007D89AA /* ProjectInfoCellView.swift */,
				ADE1F18B206CD7C5007D89AA /* ProjectInfoCellView.xib */,
			);
			path = View;
			sourceTree = "<group>";
		};
		AD8F528020788F1D00128029 /* DataController */ = {
			isa = PBXGroup;
			children = (
				AD4E755E2074FE8300205D4C /* ProjectListDataController.swift */,
				AD4E75602075006300205D4C /* ProjectInfoCellConfigurator.swift */,
			);
			path = DataController;
			sourceTree = "<group>";
		};
		ADDBB68E2085D00400A020CA /* View */ = {
			isa = PBXGroup;
			children = (
				ADDBB68F2085DCA400A020CA /* ProjectActionCellView.swift */,
				ADDBB6912085DCB500A020CA /* ProjectActionCellView.xib */,
			);
			path = View;
			sourceTree = "<group>";
		};
		ADDBB6932085E46600A020CA /* Model */ = {
			isa = PBXGroup;
			children = (
				ADDBB6962085E50400A020CA /* DependencyInfo.swift */,
			);
			path = Model;
			sourceTree = "<group>";
		};
		ADE1F16D206CCE6A007D89AA = {
			isa = PBXGroup;
			children = (
				ADE1F178206CCE6A007D89AA /* PodfileEditor */,
				ADE1F177206CCE6A007D89AA /* Products */,
			);
			sourceTree = "<group>";
		};
		ADE1F177206CCE6A007D89AA /* Products */ = {
			isa = PBXGroup;
			children = (
				ADE1F176206CCE6A007D89AA /* PodfileEditor.app */,
			);
			name = Products;
			sourceTree = "<group>";
		};
		ADE1F178206CCE6A007D89AA /* PodfileEditor */ = {
			isa = PBXGroup;
			children = (
				AD4E756220750BB100205D4C /* PodfileEditor.entitlements */,
				AD02C313206CEC9500CC9915 /* Source */,
				ADE1F179206CCE6A007D89AA /* AppDelegate.swift */,
				ADE1F18D206CDE52007D89AA /* Assets.xcassets */,
				ADE1F17F206CCE6A007D89AA /* Main.storyboard */,
				ADE1F182206CCE6A007D89AA /* Info.plist */,
			);
			path = PodfileEditor;
			sourceTree = "<group>";
		};
		ADEA60222087206E00353795 /* DependencyList */ = {
			isa = PBXGroup;
			children = (
				ADDBB6932085E46600A020CA /* Model */,
				ADDBB68E2085D00400A020CA /* View */,
				AD4F896B20847F7F00DF1FD5 /* DataController */,
				AD4F896A20847F7200DF1FD5 /* ViewController */,
			);
			path = DependencyList;
			sourceTree = "<group>";
		};
		ADEA60232087207700353795 /* AddDependency */ = {
			isa = PBXGroup;
			children = (
				ADEA6025208720B600353795 /* AddDependencyViewController.swift */,
				ADEA6026208720B600353795 /* AddDependencyViewController.xib */,
			);
			path = AddDependency;
			sourceTree = "<group>";
		};
		ADEA60242087208200353795 /* EditDependency */ = {
			isa = PBXGroup;
			children = (
				ADEA602920873D5D00353795 /* EditDependencyViewController.swift */,
			);
			path = EditDependency;
			sourceTree = "<group>";
		};
/* End PBXGroup section */

/* Begin PBXNativeTarget section */
		ADE1F175206CCE6A007D89AA /* PodfileEditor */ = {
			isa = PBXNativeTarget;
			buildConfigurationList = ADE1F186206CCE6A007D89AA /* Build configuration list for PBXNativeTarget "PodfileEditor" */;
			buildPhases = (
				ADE1F172206CCE6A007D89AA /* Sources */,
				ADE1F173206CCE6A007D89AA /* Frameworks */,
				ADE1F174206CCE6A007D89AA /* Resources */,
			);
			buildRules = (
			);
			dependencies = (
			);
			name = PodfileEditor;
			productName = PodfileEditor;
			productReference = ADE1F176206CCE6A007D89AA /* PodfileEditor.app */;
			productType = "com.apple.product-type.application";
		};
/* End PBXNativeTarget section */

/* Begin PBXProject section */
		ADE1F16E206CCE6A007D89AA /* Project object */ = {
			isa = PBXProject;
			attributes = {
				LastSwiftUpdateCheck = 0920;
				LastUpgradeCheck = 0930;
				ORGANIZATIONNAME = summer;
				TargetAttributes = {
					ADE1F175206CCE6A007D89AA = {
						CreatedOnToolsVersion = 9.2;
						ProvisioningStyle = Automatic;
						SystemCapabilities = {
							com.apple.Sandbox = {
								enabled = 0;
							};
						};
					};
				};
			};
			buildConfigurationList = ADE1F171206CCE6A007D89AA /* Build configuration list for PBXProject "PodfileEditor" */;
			compatibilityVersion = "Xcode 8.0";
			developmentRegion = en;
			hasScannedForEncodings = 0;
			knownRegions = (
				en,
				Base,
			);
			mainGroup = ADE1F16D206CCE6A007D89AA;
			productRefGroup = ADE1F177206CCE6A007D89AA /* Products */;
			projectDirPath = "";
			projectRoot = "";
			targets = (
				ADE1F175206CCE6A007D89AA /* PodfileEditor */,
			);
		};
/* End PBXProject section */

/* Begin PBXResourcesBuildPhase section */
		ADE1F174206CCE6A007D89AA /* Resources */ = {
			isa = PBXResourcesBuildPhase;
			buildActionMask = 2147483647;
			files = (
				ADDBB6922085DCB500A020CA /* ProjectActionCellView.xib in Resources */,
				ADE1F18C206CD7C5007D89AA /* ProjectInfoCellView.xib in Resources */,
				ADE1F18E206CDE52007D89AA /* Assets.xcassets in Resources */,
				AD34F14C2075D37000BBD802 /* AddProjectViewController.xib in Resources */,
				ADE1F181206CCE6A007D89AA /* Main.storyboard in Resources */,
				ADEA6028208720B600353795 /* AddDependencyViewController.xib in Resources */,
			);
			runOnlyForDeploymentPostprocessing = 0;
		};
/* End PBXResourcesBuildPhase section */

/* Begin PBXSourcesBuildPhase section */
		ADE1F172206CCE6A007D89AA /* Sources */ = {
			isa = PBXSourcesBuildPhase;
			buildActionMask = 2147483647;
			files = (
				AD02C319206D06A900CC9915 /* UIFactory.swift in Sources */,
				ADDBB6902085DCA400A020CA /* ProjectActionCellView.swift in Sources */,
				AD4E755D2074FE4D00205D4C /* ProjectInfo.swift in Sources */,
				AD4F896D20847F9B00DF1FD5 /* ProjectDetailDataController.swift in Sources */,
				AD02C317206D068100CC9915 /* AddProjectViewController.swift in Sources */,
				ADEA602C20876AC600353795 /* PodfileAnalyser.swift in Sources */,
				AD8F5282207895B800128029 /* CommandExecutor.swift in Sources */,
				ADDBB6992085FCDA00A020CA /* ProjectDetailCellConfigurator.swift in Sources */,
				AD4E75612075006300205D4C /* ProjectInfoCellConfigurator.swift in Sources */,
				ADEA602A20873D5D00353795 /* EditDependencyViewController.swift in Sources */,
				ADE1F194206CEBFE007D89AA /* ProjectDetailWindowController.swift in Sources */,
				ADDBB6972085E50400A020CA /* DependencyInfo.swift in Sources */,
				AD02C315206D02CF00CC9915 /* Windows.swift in Sources */,
				ADE1F196206CEC15007D89AA /* ProjectDetailViewController.swift in Sources */,
				ADE1F17C206CCE6A007D89AA /* ProjectListViewController.swift in Sources */,
				AD4E755F2074FE8300205D4C /* ProjectListDataController.swift in Sources */,
				AD81EBA9208CA1570054EABF /* PodfileUtils.swift in Sources */,
				ADE1F18A206CD7AF007D89AA /* ProjectInfoCellView.swift in Sources */,
				ADEA6027208720B600353795 /* AddDependencyViewController.swift in Sources */,
				AD4E756520750ECB00205D4C /* EditProjectViewController.swift in Sources */,
				ADE1F17A206CCE6A007D89AA /* AppDelegate.swift in Sources */,
			);
			runOnlyForDeploymentPostprocessing = 0;
		};
/* End PBXSourcesBuildPhase section */

/* Begin PBXVariantGroup section */
		ADE1F17F206CCE6A007D89AA /* Main.storyboard */ = {
			isa = PBXVariantGroup;
			children = (
				ADE1F180206CCE6A007D89AA /* Base */,
			);
			name = Main.storyboard;
			sourceTree = "<group>";
		};
/* End PBXVariantGroup section */

/* Begin XCBuildConfiguration section */
		ADE1F184206CCE6A007D89AA /* Debug */ = {
			isa = XCBuildConfiguration;
			buildSettings = {
				ALWAYS_SEARCH_USER_PATHS = NO;
				CLANG_ANALYZER_NONNULL = YES;
				CLANG_ANALYZER_NUMBER_OBJECT_CONVERSION = YES_AGGRESSIVE;
				CLANG_CXX_LANGUAGE_STANDARD = "gnu++14";
				CLANG_CXX_LIBRARY = "libc++";
				CLANG_ENABLE_MODULES = YES;
				CLANG_ENABLE_OBJC_ARC = YES;
				CLANG_WARN_BLOCK_CAPTURE_AUTORELEASING = YES;
				CLANG_WARN_BOOL_CONVERSION = YES;
				CLANG_WARN_COMMA = YES;
				CLANG_WARN_CONSTANT_CONVERSION = YES;
				CLANG_WARN_DEPRECATED_OBJC_IMPLEMENTATIONS = YES;
				CLANG_WARN_DIRECT_OBJC_ISA_USAGE = YES_ERROR;
				CLANG_WARN_DOCUMENTATION_COMMENTS = YES;
				CLANG_WARN_EMPTY_BODY = YES;
				CLANG_WARN_ENUM_CONVERSION = YES;
				CLANG_WARN_INFINITE_RECURSION = YES;
				CLANG_WARN_INT_CONVERSION = YES;
				CLANG_WARN_NON_LITERAL_NULL_CONVERSION = YES;
				CLANG_WARN_OBJC_IMPLICIT_RETAIN_SELF = YES;
				CLANG_WARN_OBJC_LITERAL_CONVERSION = YES;
				CLANG_WARN_OBJC_ROOT_CLASS = YES_ERROR;
				CLANG_WARN_RANGE_LOOP_ANALYSIS = YES;
				CLANG_WARN_STRICT_PROTOTYPES = YES;
				CLANG_WARN_SUSPICIOUS_MOVE = YES;
				CLANG_WARN_UNGUARDED_AVAILABILITY = YES_AGGRESSIVE;
				CLANG_WARN_UNREACHABLE_CODE = YES;
				CLANG_WARN__DUPLICATE_METHOD_MATCH = YES;
				CODE_SIGN_IDENTITY = "-";
				COPY_PHASE_STRIP = NO;
				DEBUG_INFORMATION_FORMAT = dwarf;
				ENABLE_STRICT_OBJC_MSGSEND = YES;
				ENABLE_TESTABILITY = YES;
				GCC_C_LANGUAGE_STANDARD = gnu11;
				GCC_DYNAMIC_NO_PIC = NO;
				GCC_NO_COMMON_BLOCKS = YES;
				GCC_OPTIMIZATION_LEVEL = 0;
				GCC_PREPROCESSOR_DEFINITIONS = (
					"DEBUG=1",
					"$(inherited)",
				);
				GCC_WARN_64_TO_32_BIT_CONVERSION = YES;
				GCC_WARN_ABOUT_RETURN_TYPE = YES_ERROR;
				GCC_WARN_UNDECLARED_SELECTOR = YES;
				GCC_WARN_UNINITIALIZED_AUTOS = YES_AGGRESSIVE;
				GCC_WARN_UNUSED_FUNCTION = YES;
				GCC_WARN_UNUSED_VARIABLE = YES;
				MACOSX_DEPLOYMENT_TARGET = 10.12;
				MTL_ENABLE_DEBUG_INFO = YES;
				ONLY_ACTIVE_ARCH = YES;
				SDKROOT = macosx;
				SWIFT_ACTIVE_COMPILATION_CONDITIONS = DEBUG;
				SWIFT_OPTIMIZATION_LEVEL = "-Onone";
			};
			name = Debug;
		};
		ADE1F185206CCE6A007D89AA /* Release */ = {
			isa = XCBuildConfiguration;
			buildSettings = {
				ALWAYS_SEARCH_USER_PATHS = NO;
				CLANG_ANALYZER_NONNULL = YES;
				CLANG_ANALYZER_NUMBER_OBJECT_CONVERSION = YES_AGGRESSIVE;
				CLANG_CXX_LANGUAGE_STANDARD = "gnu++14";
				CLANG_CXX_LIBRARY = "libc++";
				CLANG_ENABLE_MODULES = YES;
				CLANG_ENABLE_OBJC_ARC = YES;
				CLANG_WARN_BLOCK_CAPTURE_AUTORELEASING = YES;
				CLANG_WARN_BOOL_CONVERSION = YES;
				CLANG_WARN_COMMA = YES;
				CLANG_WARN_CONSTANT_CONVERSION = YES;
				CLANG_WARN_DEPRECATED_OBJC_IMPLEMENTATIONS = YES;
				CLANG_WARN_DIRECT_OBJC_ISA_USAGE = YES_ERROR;
				CLANG_WARN_DOCUMENTATION_COMMENTS = YES;
				CLANG_WARN_EMPTY_BODY = YES;
				CLANG_WARN_ENUM_CONVERSION = YES;
				CLANG_WARN_INFINITE_RECURSION = YES;
				CLANG_WARN_INT_CONVERSION = YES;
				CLANG_WARN_NON_LITERAL_NULL_CONVERSION = YES;
				CLANG_WARN_OBJC_IMPLICIT_RETAIN_SELF = YES;
				CLANG_WARN_OBJC_LITERAL_CONVERSION = YES;
				CLANG_WARN_OBJC_ROOT_CLASS = YES_ERROR;
				CLANG_WARN_RANGE_LOOP_ANALYSIS = YES;
				CLANG_WARN_STRICT_PROTOTYPES = YES;
				CLANG_WARN_SUSPICIOUS_MOVE = YES;
				CLANG_WARN_UNGUARDED_AVAILABILITY = YES_AGGRESSIVE;
				CLANG_WARN_UNREACHABLE_CODE = YES;
				CLANG_WARN__DUPLICATE_METHOD_MATCH = YES;
				CODE_SIGN_IDENTITY = "-";
				COPY_PHASE_STRIP = NO;
				DEBUG_INFORMATION_FORMAT = "dwarf-with-dsym";
				ENABLE_NS_ASSERTIONS = NO;
				ENABLE_STRICT_OBJC_MSGSEND = YES;
				GCC_C_LANGUAGE_STANDARD = gnu11;
				GCC_NO_COMMON_BLOCKS = YES;
				GCC_WARN_64_TO_32_BIT_CONVERSION = YES;
				GCC_WARN_ABOUT_RETURN_TYPE = YES_ERROR;
				GCC_WARN_UNDECLARED_SELECTOR = YES;
				GCC_WARN_UNINITIALIZED_AUTOS = YES_AGGRESSIVE;
				GCC_WARN_UNUSED_FUNCTION = YES;
				GCC_WARN_UNUSED_VARIABLE = YES;
				MACOSX_DEPLOYMENT_TARGET = 10.12;
				MTL_ENABLE_DEBUG_INFO = NO;
				SDKROOT = macosx;
				SWIFT_OPTIMIZATION_LEVEL = "-Owholemodule";
			};
			name = Release;
		};
		ADE1F187206CCE6A007D89AA /* Debug */ = {
			isa = XCBuildConfiguration;
			buildSettings = {
				ASSETCATALOG_COMPILER_APPICON_NAME = AppIcon;
				CODE_SIGN_STYLE = Automatic;
				COMBINE_HIDPI_IMAGES = YES;
				INFOPLIST_FILE = PodfileEditor/Info.plist;
				LD_RUNPATH_SEARCH_PATHS = "$(inherited) @executable_path/../Frameworks";
				PRODUCT_BUNDLE_IDENTIFIER = summer.PodfileEditor;
				PRODUCT_NAME = "$(TARGET_NAME)";
				SWIFT_VERSION = 4.0;
			};
			name = Debug;
		};
		ADE1F188206CCE6A007D89AA /* Release */ = {
			isa = XCBuildConfiguration;
			buildSettings = {
				ASSETCATALOG_COMPILER_APPICON_NAME = AppIcon;
				CODE_SIGN_STYLE = Automatic;
				COMBINE_HIDPI_IMAGES = YES;
				INFOPLIST_FILE = PodfileEditor/Info.plist;
				LD_RUNPATH_SEARCH_PATHS = "$(inherited) @executable_path/../Frameworks";
				PRODUCT_BUNDLE_IDENTIFIER = summer.PodfileEditor;
				PRODUCT_NAME = "$(TARGET_NAME)";
				SWIFT_VERSION = 4.0;
			};
			name = Release;
		};
/* End XCBuildConfiguration section */

/* Begin XCConfigurationList section */
		ADE1F171206CCE6A007D89AA /* Build configuration list for PBXProject "PodfileEditor" */ = {
			isa = XCConfigurationList;
			buildConfigurations = (
				ADE1F184206CCE6A007D89AA /* Debug */,
				ADE1F185206CCE6A007D89AA /* Release */,
			);
			defaultConfigurationIsVisible = 0;
			defaultConfigurationName = Release;
		};
		ADE1F186206CCE6A007D89AA /* Build configuration list for PBXNativeTarget "PodfileEditor" */ = {
			isa = XCConfigurationList;
			buildConfigurations = (
				ADE1F187206CCE6A007D89AA /* Debug */,
				ADE1F188206CCE6A007D89AA /* Release */,
			);
			defaultConfigurationIsVisible = 0;
			defaultConfigurationName = Release;
		};
/* End XCConfigurationList section */
	};
	rootObject = ADE1F16E206CCE6A007D89AA /* Project object */;
}
